// !$*UTF8*$!
{
	archiveVersion = 1;
	classes = {
	};
	objectVersion = 46;
	objects = {

/* Begin PBXBuildFile section */
		81299D9E175623E500B697D5 /* ConnectionManager.m in Sources */ = {isa = PBXBuildFile; fileRef = 81299D9D175623E500B697D5 /* ConnectionManager.m */; };
		81299DBB175628BF00B697D5 /* ConnectionConstants.m in Sources */ = {isa = PBXBuildFile; fileRef = 81299DBA175628BF00B697D5 /* ConnectionConstants.m */; };
		81299DBE17562D9300B697D5 /* UserDefaultsManager.m in Sources */ = {isa = PBXBuildFile; fileRef = 81299DBD17562D9300B697D5 /* UserDefaultsManager.m */; };
		8179977A175394DB00D79379 /* LiveLocateAppDelegate.m in Sources */ = {isa = PBXBuildFile; fileRef = 8179976D175394DB00D79379 /* LiveLocateAppDelegate.m */; };
		8179977B175394DB00D79379 /* LiveLocateMainPageViewController.m in Sources */ = {isa = PBXBuildFile; fileRef = 81799770175394DB00D79379 /* LiveLocateMainPageViewController.m */; };
		8179977C175394DB00D79379 /* ColorUtils.m in Sources */ = {isa = PBXBuildFile; fileRef = 81799776175394DB00D79379 /* ColorUtils.m */; };
		8179977D175394DB00D79379 /* Language.m in Sources */ = {isa = PBXBuildFile; fileRef = 81799778175394DB00D79379 /* Language.m */; };
		81799786175394F300D79379 /* InfoPlist.strings in Resources */ = {isa = PBXBuildFile; fileRef = 81799781175394F300D79379 /* InfoPlist.strings */; };
		81799787175394F300D79379 /* LiveLocate 1-Info.plist in Resources */ = {isa = PBXBuildFile; fileRef = 81799783175394F300D79379 /* LiveLocate 1-Info.plist */; };
		81799788175394F300D79379 /* main.m in Sources */ = {isa = PBXBuildFile; fileRef = 81799785175394F300D79379 /* main.m */; };
		81799795175394FA00D79379 /* bar_Background.png in Resources */ = {isa = PBXBuildFile; fileRef = 8179978C175394FA00D79379 /* bar_Background.png */; };
		81799796175394FA00D79379 /* Default-568h@2x.png in Resources */ = {isa = PBXBuildFile; fileRef = 8179978D175394FA00D79379 /* Default-568h@2x.png */; };
		81799797175394FA00D79379 /* Default.png in Resources */ = {isa = PBXBuildFile; fileRef = 8179978E175394FA00D79379 /* Default.png */; };
		81799798175394FA00D79379 /* Default@2x.png in Resources */ = {isa = PBXBuildFile; fileRef = 8179978F175394FA00D79379 /* Default@2x.png */; };
		81799799175394FA00D79379 /* list.png in Resources */ = {isa = PBXBuildFile; fileRef = 81799790175394FA00D79379 /* list.png */; };
		8179979A175394FA00D79379 /* list@2x.png in Resources */ = {isa = PBXBuildFile; fileRef = 81799791175394FA00D79379 /* list@2x.png */; };
		8179979B175394FA00D79379 /* sample_image_cover.jpg in Resources */ = {isa = PBXBuildFile; fileRef = 81799792175394FA00D79379 /* sample_image_cover.jpg */; };
		8179979C175394FA00D79379 /* MainStoryboard.storyboard in Resources */ = {isa = PBXBuildFile; fileRef = 81799793175394FA00D79379 /* MainStoryboard.storyboard */; };
		817997A2175395DD00D79379 /* ModelInterface.m in Sources */ = {isa = PBXBuildFile; fileRef = 817997A1175395DD00D79379 /* ModelInterface.m */; };
		817997A51753992800D79379 /* ControllerInterface.m in Sources */ = {isa = PBXBuildFile; fileRef = 817997A41753992800D79379 /* ControllerInterface.m */; };
		817997A917539EB200D79379 /* DateTimeManager.m in Sources */ = {isa = PBXBuildFile; fileRef = 817997A817539EB200D79379 /* DateTimeManager.m */; };
		81F07B441726882700AD4743 /* UIKit.framework in Frameworks */ = {isa = PBXBuildFile; fileRef = 81F07B431726882700AD4743 /* UIKit.framework */; };
		81F07B461726882700AD4743 /* Foundation.framework in Frameworks */ = {isa = PBXBuildFile; fileRef = 81F07B451726882700AD4743 /* Foundation.framework */; };
		81F07B481726882700AD4743 /* CoreGraphics.framework in Frameworks */ = {isa = PBXBuildFile; fileRef = 81F07B471726882700AD4743 /* CoreGraphics.framework */; };
		81F07B821726AA7500AD4743 /* CoreData.framework in Frameworks */ = {isa = PBXBuildFile; fileRef = 81F07B811726AA7500AD4743 /* CoreData.framework */; };
/* End PBXBuildFile section */

/* Begin PBXFileReference section */
		81299D9C175623E500B697D5 /* ConnectionManager.h */ = {isa = PBXFileReference; fileEncoding = 4; lastKnownFileType = sourcecode.c.h; path = ConnectionManager.h; sourceTree = "<group>"; };
		81299D9D175623E500B697D5 /* ConnectionManager.m */ = {isa = PBXFileReference; fileEncoding = 4; lastKnownFileType = sourcecode.c.objc; path = ConnectionManager.m; sourceTree = "<group>"; };
		81299DB9175628BF00B697D5 /* ConnectionConstants.h */ = {isa = PBXFileReference; fileEncoding = 4; lastKnownFileType = sourcecode.c.h; path = ConnectionConstants.h; sourceTree = "<group>"; };
		81299DBA175628BF00B697D5 /* ConnectionConstants.m */ = {isa = PBXFileReference; fileEncoding = 4; lastKnownFileType = sourcecode.c.objc; path = ConnectionConstants.m; sourceTree = "<group>"; };
		81299DBC17562D9200B697D5 /* UserDefaultsManager.h */ = {isa = PBXFileReference; fileEncoding = 4; lastKnownFileType = sourcecode.c.h; path = UserDefaultsManager.h; sourceTree = "<group>"; };
		81299DBD17562D9300B697D5 /* UserDefaultsManager.m */ = {isa = PBXFileReference; fileEncoding = 4; lastKnownFileType = sourcecode.c.objc; path = UserDefaultsManager.m; sourceTree = "<group>"; };
		8179976C175394DB00D79379 /* LiveLocateAppDelegate.h */ = {isa = PBXFileReference; fileEncoding = 4; lastKnownFileType = sourcecode.c.h; path = LiveLocateAppDelegate.h; sourceTree = "<group>"; };
		8179976D175394DB00D79379 /* LiveLocateAppDelegate.m */ = {isa = PBXFileReference; fileEncoding = 4; lastKnownFileType = sourcecode.c.objc; path = LiveLocateAppDelegate.m; sourceTree = "<group>"; };
		8179976F175394DB00D79379 /* LiveLocateMainPageViewController.h */ = {isa = PBXFileReference; fileEncoding = 4; lastKnownFileType = sourcecode.c.h; path = LiveLocateMainPageViewController.h; sourceTree = "<group>"; };
		81799770175394DB00D79379 /* LiveLocateMainPageViewController.m */ = {isa = PBXFileReference; fileEncoding = 4; lastKnownFileType = sourcecode.c.objc; path = LiveLocateMainPageViewController.m; sourceTree = "<group>"; };
		81799773175394DB00D79379 /* ColorDictionary.h */ = {isa = PBXFileReference; fileEncoding = 4; lastKnownFileType = sourcecode.c.h; path = ColorDictionary.h; sourceTree = "<group>"; };
		81799775175394DB00D79379 /* ColorUtils.h */ = {isa = PBXFileReference; fileEncoding = 4; lastKnownFileType = sourcecode.c.h; path = ColorUtils.h; sourceTree = "<group>"; };
		81799776175394DB00D79379 /* ColorUtils.m */ = {isa = PBXFileReference; fileEncoding = 4; lastKnownFileType = sourcecode.c.objc; path = ColorUtils.m; sourceTree = "<group>"; };
		81799777175394DB00D79379 /* Language.h */ = {isa = PBXFileReference; fileEncoding = 4; lastKnownFileType = sourcecode.c.h; path = Language.h; sourceTree = "<group>"; };
		81799778175394DB00D79379 /* Language.m */ = {isa = PBXFileReference; fileEncoding = 4; lastKnownFileType = sourcecode.c.objc; path = Language.m; sourceTree = "<group>"; };
		81799782175394F300D79379 /* en */ = {isa = PBXFileReference; lastKnownFileType = text.plist.strings; name = en; path = en.lproj/InfoPlist.strings; sourceTree = "<group>"; };
		81799783175394F300D79379 /* LiveLocate 1-Info.plist */ = {isa = PBXFileReference; fileEncoding = 4; lastKnownFileType = text.plist.xml; path = "LiveLocate 1-Info.plist"; sourceTree = "<group>"; };
		81799784175394F300D79379 /* LiveLocate 1-Prefix.pch */ = {isa = PBXFileReference; fileEncoding = 4; lastKnownFileType = sourcecode.c.h; path = "LiveLocate 1-Prefix.pch"; sourceTree = "<group>"; };
		81799785175394F300D79379 /* main.m */ = {isa = PBXFileReference; fileEncoding = 4; lastKnownFileType = sourcecode.c.objc; path = main.m; sourceTree = "<group>"; };
		8179978C175394FA00D79379 /* bar_Background.png */ = {isa = PBXFileReference; lastKnownFileType = image.png; path = bar_Background.png; sourceTree = "<group>"; };
		8179978D175394FA00D79379 /* Default-568h@2x.png */ = {isa = PBXFileReference; lastKnownFileType = image.png; path = "Default-568h@2x.png"; sourceTree = "<group>"; };
		8179978E175394FA00D79379 /* Default.png */ = {isa = PBXFileReference; lastKnownFileType = image.png; path = Default.png; sourceTree = "<group>"; };
		8179978F175394FA00D79379 /* Default@2x.png */ = {isa = PBXFileReference; lastKnownFileType = image.png; path = "Default@2x.png"; sourceTree = "<group>"; };
		81799790175394FA00D79379 /* list.png */ = {isa = PBXFileReference; lastKnownFileType = image.png; path = list.png; sourceTree = "<group>"; };
		81799791175394FA00D79379 /* list@2x.png */ = {isa = PBXFileReference; lastKnownFileType = image.png; path = "list@2x.png"; sourceTree = "<group>"; };
		81799792175394FA00D79379 /* sample_image_cover.jpg */ = {isa = PBXFileReference; lastKnownFileType = image.jpeg; path = sample_image_cover.jpg; sourceTree = "<group>"; };
		81799793175394FA00D79379 /* MainStoryboard.storyboard */ = {isa = PBXFileReference; fileEncoding = 4; lastKnownFileType = file.storyboard; path = MainStoryboard.storyboard; sourceTree = "<group>"; };
		817997A0175395DD00D79379 /* ModelInterface.h */ = {isa = PBXFileReference; fileEncoding = 4; lastKnownFileType = sourcecode.c.h; path = ModelInterface.h; sourceTree = "<group>"; };
		817997A1175395DD00D79379 /* ModelInterface.m */ = {isa = PBXFileReference; fileEncoding = 4; lastKnownFileType = sourcecode.c.objc; path = ModelInterface.m; sourceTree = "<group>"; };
		817997A31753992700D79379 /* ControllerInterface.h */ = {isa = PBXFileReference; fileEncoding = 4; lastKnownFileType = sourcecode.c.h; path = ControllerInterface.h; sourceTree = "<group>"; };
		817997A41753992800D79379 /* ControllerInterface.m */ = {isa = PBXFileReference; fileEncoding = 4; lastKnownFileType = sourcecode.c.objc; path = ControllerInterface.m; sourceTree = "<group>"; };
		817997A717539EB200D79379 /* DateTimeManager.h */ = {isa = PBXFileReference; fileEncoding = 4; lastKnownFileType = sourcecode.c.h; path = DateTimeManager.h; sourceTree = "<group>"; };
		817997A817539EB200D79379 /* DateTimeManager.m */ = {isa = PBXFileReference; fileEncoding = 4; lastKnownFileType = sourcecode.c.objc; path = DateTimeManager.m; sourceTree = "<group>"; };
		81F07B401726882700AD4743 /* LiveLocate 1.app */ = {isa = PBXFileReference; explicitFileType = wrapper.application; includeInIndex = 0; path = "LiveLocate 1.app"; sourceTree = BUILT_PRODUCTS_DIR; };
		81F07B431726882700AD4743 /* UIKit.framework */ = {isa = PBXFileReference; lastKnownFileType = wrapper.framework; name = UIKit.framework; path = System/Library/Frameworks/UIKit.framework; sourceTree = SDKROOT; };
		81F07B451726882700AD4743 /* Foundation.framework */ = {isa = PBXFileReference; lastKnownFileType = wrapper.framework; name = Foundation.framework; path = System/Library/Frameworks/Foundation.framework; sourceTree = SDKROOT; };
		81F07B471726882700AD4743 /* CoreGraphics.framework */ = {isa = PBXFileReference; lastKnownFileType = wrapper.framework; name = CoreGraphics.framework; path = System/Library/Frameworks/CoreGraphics.framework; sourceTree = SDKROOT; };
		81F07B811726AA7500AD4743 /* CoreData.framework */ = {isa = PBXFileReference; lastKnownFileType = wrapper.framework; name = CoreData.framework; path = System/Library/Frameworks/CoreData.framework; sourceTree = SDKROOT; };
/* End PBXFileReference section */

/* Begin PBXFrameworksBuildPhase section */
		81F07B3D1726882700AD4743 /* Frameworks */ = {
			isa = PBXFrameworksBuildPhase;
			buildActionMask = 2147483647;
			files = (
				81F07B821726AA7500AD4743 /* CoreData.framework in Frameworks */,
				81F07B441726882700AD4743 /* UIKit.framework in Frameworks */,
				81F07B461726882700AD4743 /* Foundation.framework in Frameworks */,
				81F07B481726882700AD4743 /* CoreGraphics.framework in Frameworks */,
			);
			runOnlyForDeploymentPostprocessing = 0;
		};
/* End PBXFrameworksBuildPhase section */

/* Begin PBXGroup section */
		8179976A175394DB00D79379 /* Classes */ = {
			isa = PBXGroup;
			children = (
				8179976B175394DB00D79379 /* AppDelegate */,
				8179976E175394DB00D79379 /* Controllers */,
				81799771175394DB00D79379 /* Helpers */,
				81799779175394DB00D79379 /* Models */,
			);
			path = Classes;
			sourceTree = "<group>";
		};
		8179976B175394DB00D79379 /* AppDelegate */ = {
			isa = PBXGroup;
			children = (
				8179976C175394DB00D79379 /* LiveLocateAppDelegate.h */,
				8179976D175394DB00D79379 /* LiveLocateAppDelegate.m */,
			);
			path = AppDelegate;
			sourceTree = "<group>";
		};
		8179976E175394DB00D79379 /* Controllers */ = {
			isa = PBXGroup;
			children = (
				817997AA17539EC300D79379 /* Main Page */,
				817997A31753992700D79379 /* ControllerInterface.h */,
				817997A41753992800D79379 /* ControllerInterface.m */,
			);
			path = Controllers;
			sourceTree = "<group>";
		};
		81799771175394DB00D79379 /* Helpers */ = {
			isa = PBXGroup;
			children = (
				817997A617539E9500D79379 /* Managers */,
				81799772175394DB00D79379 /* Constants File */,
				81799774175394DB00D79379 /* Library */,
			);
			path = Helpers;
			sourceTree = "<group>";
		};
		81799772175394DB00D79379 /* Constants File */ = {
			isa = PBXGroup;
			children = (
				81799773175394DB00D79379 /* ColorDictionary.h */,
				81299DB9175628BF00B697D5 /* ConnectionConstants.h */,
				81299DBA175628BF00B697D5 /* ConnectionConstants.m */,
			);
			path = "Constants File";
			sourceTree = "<group>";
		};
		81799774175394DB00D79379 /* Library */ = {
			isa = PBXGroup;
			children = (
				81799775175394DB00D79379 /* ColorUtils.h */,
				81799776175394DB00D79379 /* ColorUtils.m */,
				81799777175394DB00D79379 /* Language.h */,
				81799778175394DB00D79379 /* Language.m */,
			);
			path = Library;
			sourceTree = "<group>";
		};
		81799779175394DB00D79379 /* Models */ = {
			isa = PBXGroup;
			children = (
				817997A0175395DD00D79379 /* ModelInterface.h */,
				817997A1175395DD00D79379 /* ModelInterface.m */,
			);
			path = Models;
			sourceTree = "<group>";
		};
		8179977E175394EA00D79379 /* Database */ = {
			isa = PBXGroup;
			children = (
				8179977F175394EA00D79379 /* Entity */,
			);
			path = Database;
			sourceTree = "<group>";
		};
		8179977F175394EA00D79379 /* Entity */ = {
			isa = PBXGroup;
			children = (
			);
			path = Entity;
			sourceTree = "<group>";
		};
		81799780175394F300D79379 /* Other Sources */ = {
			isa = PBXGroup;
			children = (
				81799781175394F300D79379 /* InfoPlist.strings */,
				81799783175394F300D79379 /* LiveLocate 1-Info.plist */,
				81799784175394F300D79379 /* LiveLocate 1-Prefix.pch */,
				81799785175394F300D79379 /* main.m */,
			);
			path = "Other Sources";
			sourceTree = "<group>";
		};
		81799789175394FA00D79379 /* Resources */ = {
			isa = PBXGroup;
			children = (
				8179978A175394FA00D79379 /* Fonts */,
				8179978B175394FA00D79379 /* Images */,
				81799793175394FA00D79379 /* MainStoryboard.storyboard */,
				81799794175394FA00D79379 /* NIBs */,
			);
			path = Resources;
			sourceTree = "<group>";
		};
		8179978A175394FA00D79379 /* Fonts */ = {
			isa = PBXGroup;
			children = (
			);
			path = Fonts;
			sourceTree = "<group>";
		};
		8179978B175394FA00D79379 /* Images */ = {
			isa = PBXGroup;
			children = (
				8179978C175394FA00D79379 /* bar_Background.png */,
				8179978D175394FA00D79379 /* Default-568h@2x.png */,
				8179978E175394FA00D79379 /* Default.png */,
				8179978F175394FA00D79379 /* Default@2x.png */,
				81799790175394FA00D79379 /* list.png */,
				81799791175394FA00D79379 /* list@2x.png */,
				81799792175394FA00D79379 /* sample_image_cover.jpg */,
			);
			path = Images;
			sourceTree = "<group>";
		};
		81799794175394FA00D79379 /* NIBs */ = {
			isa = PBXGroup;
			children = (
			);
			path = NIBs;
			sourceTree = "<group>";
		};
		817997A617539E9500D79379 /* Managers */ = {
			isa = PBXGroup;
			children = (
				817997A717539EB200D79379 /* DateTimeManager.h */,
				817997A817539EB200D79379 /* DateTimeManager.m */,
				81299D9C175623E500B697D5 /* ConnectionManager.h */,
				81299D9D175623E500B697D5 /* ConnectionManager.m */,
				81299DBC17562D9200B697D5 /* UserDefaultsManager.h */,
				81299DBD17562D9300B697D5 /* UserDefaultsManager.m */,
			);
			path = Managers;
			sourceTree = "<group>";
		};
		817997AA17539EC300D79379 /* Main Page */ = {
			isa = PBXGroup;
			children = (
				8179976F175394DB00D79379 /* LiveLocateMainPageViewController.h */,
				81799770175394DB00D79379 /* LiveLocateMainPageViewController.m */,
			);
			name = "Main Page";
			sourceTree = "<group>";
		};
		81F07B371726882700AD4743 = {
			isa = PBXGroup;
			children = (
				81F07B491726882700AD4743 /* LiveLocate 1 */,
				81F07B421726882700AD4743 /* Frameworks */,
				81F07B411726882700AD4743 /* Products */,
			);
			sourceTree = "<group>";
		};
		81F07B411726882700AD4743 /* Products */ = {
			isa = PBXGroup;
			children = (
				81F07B401726882700AD4743 /* LiveLocate 1.app */,
			);
			name = Products;
			sourceTree = "<group>";
		};
		81F07B421726882700AD4743 /* Frameworks */ = {
			isa = PBXGroup;
			children = (
				81F07B811726AA7500AD4743 /* CoreData.framework */,
				81F07B431726882700AD4743 /* UIKit.framework */,
				81F07B451726882700AD4743 /* Foundation.framework */,
				81F07B471726882700AD4743 /* CoreGraphics.framework */,
			);
			name = Frameworks;
			sourceTree = "<group>";
		};
		81F07B491726882700AD4743 /* LiveLocate 1 */ = {
			isa = PBXGroup;
			children = (
				81799789175394FA00D79379 /* Resources */,
				81799780175394F300D79379 /* Other Sources */,
				8179977E175394EA00D79379 /* Database */,
				8179976A175394DB00D79379 /* Classes */,
			);
			path = "LiveLocate 1";
			sourceTree = "<group>";
		};
/* End PBXGroup section */

/* Begin PBXNativeTarget section */
		81F07B3F1726882700AD4743 /* LiveLocate 1 */ = {
			isa = PBXNativeTarget;
			buildConfigurationList = 81F07B631726882700AD4743 /* Build configuration list for PBXNativeTarget "LiveLocate 1" */;
			buildPhases = (
				81F07B3C1726882700AD4743 /* Sources */,
				81F07B3D1726882700AD4743 /* Frameworks */,
				81F07B3E1726882700AD4743 /* Resources */,
			);
			buildRules = (
			);
			dependencies = (
			);
			name = "LiveLocate 1";
			productName = "LiveLocate 1";
			productReference = 81F07B401726882700AD4743 /* LiveLocate 1.app */;
			productType = "com.apple.product-type.application";
		};
/* End PBXNativeTarget section */

/* Begin PBXProject section */
		81F07B381726882700AD4743 /* Project object */ = {
			isa = PBXProject;
			attributes = {
				CLASSPREFIX = LiveLocate;
				LastUpgradeCheck = 0460;
				ORGANIZATIONNAME = LiveLocate;
			};
			buildConfigurationList = 81F07B3B1726882700AD4743 /* Build configuration list for PBXProject "LiveLocate 1" */;
			compatibilityVersion = "Xcode 3.2";
			developmentRegion = English;
			hasScannedForEncodings = 0;
			knownRegions = (
				en,
			);
			mainGroup = 81F07B371726882700AD4743;
			productRefGroup = 81F07B411726882700AD4743 /* Products */;
			projectDirPath = "";
			projectRoot = "";
			targets = (
				81F07B3F1726882700AD4743 /* LiveLocate 1 */,
			);
		};
/* End PBXProject section */

/* Begin PBXResourcesBuildPhase section */
		81F07B3E1726882700AD4743 /* Resources */ = {
			isa = PBXResourcesBuildPhase;
			buildActionMask = 2147483647;
			files = (
				81799786175394F300D79379 /* InfoPlist.strings in Resources */,
				81799787175394F300D79379 /* LiveLocate 1-Info.plist in Resources */,
				81799795175394FA00D79379 /* bar_Background.png in Resources */,
				81799796175394FA00D79379 /* Default-568h@2x.png in Resources */,
				81799797175394FA00D79379 /* Default.png in Resources */,
				81799798175394FA00D79379 /* Default@2x.png in Resources */,
				81799799175394FA00D79379 /* list.png in Resources */,
				8179979A175394FA00D79379 /* list@2x.png in Resources */,
				8179979B175394FA00D79379 /* sample_image_cover.jpg in Resources */,
				8179979C175394FA00D79379 /* MainStoryboard.storyboard in Resources */,
			);
			runOnlyForDeploymentPostprocessing = 0;
		};
/* End PBXResourcesBuildPhase section */

/* Begin PBXSourcesBuildPhase section */
		81F07B3C1726882700AD4743 /* Sources */ = {
			isa = PBXSourcesBuildPhase;
			buildActionMask = 2147483647;
			files = (
				8179977A175394DB00D79379 /* LiveLocateAppDelegate.m in Sources */,
				8179977B175394DB00D79379 /* LiveLocateMainPageViewController.m in Sources */,
				8179977C175394DB00D79379 /* ColorUtils.m in Sources */,
				8179977D175394DB00D79379 /* Language.m in Sources */,
				81799788175394F300D79379 /* main.m in Sources */,
				817997A2175395DD00D79379 /* ModelInterface.m in Sources */,
				817997A51753992800D79379 /* ControllerInterface.m in Sources */,
				817997A917539EB200D79379 /* DateTimeManager.m in Sources */,
				81299D9E175623E500B697D5 /* ConnectionManager.m in Sources */,
				81299DBB175628BF00B697D5 /* ConnectionConstants.m in Sources */,
				81299DBE17562D9300B697D5 /* UserDefaultsManager.m in Sources */,
			);
			runOnlyForDeploymentPostprocessing = 0;
		};
/* End PBXSourcesBuildPhase section */

/* Begin PBXVariantGroup section */
		81799781175394F300D79379 /* InfoPlist.strings */ = {
			isa = PBXVariantGroup;
			children = (
				81799782175394F300D79379 /* en */,
			);
			name = InfoPlist.strings;
			sourceTree = "<group>";
		};
/* End PBXVariantGroup section */

/* Begin XCBuildConfiguration section */
		81F07B611726882700AD4743 /* Debug */ = {
			isa = XCBuildConfiguration;
			buildSettings = {
				ALWAYS_SEARCH_USER_PATHS = NO;
				CLANG_CXX_LANGUAGE_STANDARD = "gnu++0x";
				CLANG_CXX_LIBRARY = "libc++";
				CLANG_ENABLE_OBJC_ARC = YES;
				CLANG_WARN_CONSTANT_CONVERSION = YES;
				CLANG_WARN_EMPTY_BODY = YES;
				CLANG_WARN_ENUM_CONVERSION = YES;
				CLANG_WARN_INT_CONVERSION = YES;
				CLANG_WARN__DUPLICATE_METHOD_MATCH = YES;
				"CODE_SIGN_IDENTITY[sdk=iphoneos*]" = "iPhone Developer";
				COPY_PHASE_STRIP = NO;
				GCC_C_LANGUAGE_STANDARD = gnu99;
				GCC_DYNAMIC_NO_PIC = NO;
				GCC_OPTIMIZATION_LEVEL = 0;
				GCC_PREPROCESSOR_DEFINITIONS = (
					"DEBUG=1",
					"$(inherited)",
				);
				GCC_SYMBOLS_PRIVATE_EXTERN = NO;
				GCC_WARN_ABOUT_RETURN_TYPE = YES;
				GCC_WARN_UNINITIALIZED_AUTOS = YES;
				GCC_WARN_UNUSED_VARIABLE = YES;
				IPHONEOS_DEPLOYMENT_TARGET = 6.1;
				ONLY_ACTIVE_ARCH = YES;
				SDKROOT = iphoneos;
			};
			name = Debug;
		};
		81F07B621726882700AD4743 /* Release */ = {
			isa = XCBuildConfiguration;
			buildSettings = {
				ALWAYS_SEARCH_USER_PATHS = NO;
				CLANG_CXX_LANGUAGE_STANDARD = "gnu++0x";
				CLANG_CXX_LIBRARY = "libc++";
				CLANG_ENABLE_OBJC_ARC = YES;
				CLANG_WARN_CONSTANT_CONVERSION = YES;
				CLANG_WARN_EMPTY_BODY = YES;
				CLANG_WARN_ENUM_CONVERSION = YES;
				CLANG_WARN_INT_CONVERSION = YES;
				CLANG_WARN__DUPLICATE_METHOD_MATCH = YES;
				"CODE_SIGN_IDENTITY[sdk=iphoneos*]" = "iPhone Developer";
				COPY_PHASE_STRIP = YES;
				GCC_C_LANGUAGE_STANDARD = gnu99;
				GCC_WARN_ABOUT_RETURN_TYPE = YES;
				GCC_WARN_UNINITIALIZED_AUTOS = YES;
				GCC_WARN_UNUSED_VARIABLE = YES;
				IPHONEOS_DEPLOYMENT_TARGET = 6.1;
				OTHER_CFLAGS = "-DNS_BLOCK_ASSERTIONS=1";
				SDKROOT = iphoneos;
				VALIDATE_PRODUCT = YES;
			};
			name = Release;
		};
		81F07B641726882700AD4743 /* Debug */ = {
			isa = XCBuildConfiguration;
			buildSettings = {
				GCC_PRECOMPILE_PREFIX_HEADER = YES;
				GCC_PREFIX_HEADER = "LiveLocate 1/Other Sources/LiveLocate 1-Prefix.pch";
				INFOPLIST_FILE = "$(SRCROOT)/LiveLocate 1/Other Sources/LiveLocate 1-Info.plist";
				PRODUCT_NAME = "$(TARGET_NAME)";
				WRAPPER_EXTENSION = app;
			};
			name = Debug;
		};
		81F07B651726882700AD4743 /* Release */ = {
			isa = XCBuildConfiguration;
			buildSettings = {
				GCC_PRECOMPILE_PREFIX_HEADER = YES;
				GCC_PREFIX_HEADER = "LiveLocate 1/Other Sources/LiveLocate 1-Prefix.pch";
				INFOPLIST_FILE = "$(SRCROOT)/LiveLocate 1/Other Sources/LiveLocate 1-Info.plist";
				PRODUCT_NAME = "$(TARGET_NAME)";
				WRAPPER_EXTENSION = app;
			};
			name = Release;
		};
/* End XCBuildConfiguration section */

/* Begin XCConfigurationList section */
		81F07B3B1726882700AD4743 /* Build configuration list for PBXProject "LiveLocate 1" */ = {
			isa = XCConfigurationList;
			buildConfigurations = (
				81F07B611726882700AD4743 /* Debug */,
				81F07B621726882700AD4743 /* Release */,
			);
			defaultConfigurationIsVisible = 0;
			defaultConfigurationName = Release;
		};
		81F07B631726882700AD4743 /* Build configuration list for PBXNativeTarget "LiveLocate 1" */ = {
			isa = XCConfigurationList;
			buildConfigurations = (
				81F07B641726882700AD4743 /* Debug */,
				81F07B651726882700AD4743 /* Release */,
			);
			defaultConfigurationIsVisible = 0;
			defaultConfigurationName = Release;
		};
/* End XCConfigurationList section */
	};
	rootObject = 81F07B381726882700AD4743 /* Project object */;
}
